// !$*UTF8*$!
{
	archiveVersion = 1;
	classes = {
	};
	objectVersion = 46;
	objects = {

/* Begin PBXBuildFile section */
		D415B5A419B842D600A10314 /* WNRootViewController.m in Sources */ = {isa = PBXBuildFile; fileRef = D415B5A319B842D600A10314 /* WNRootViewController.m */; };
		D42FB0B019B70842002006CF /* Foundation.framework in Frameworks */ = {isa = PBXBuildFile; fileRef = D42FB0AF19B70842002006CF /* Foundation.framework */; };
		D42FB0B219B70842002006CF /* CoreGraphics.framework in Frameworks */ = {isa = PBXBuildFile; fileRef = D42FB0B119B70842002006CF /* CoreGraphics.framework */; };
		D42FB0B419B70842002006CF /* UIKit.framework in Frameworks */ = {isa = PBXBuildFile; fileRef = D42FB0B319B70842002006CF /* UIKit.framework */; };
		D42FB0BA19B70842002006CF /* InfoPlist.strings in Resources */ = {isa = PBXBuildFile; fileRef = D42FB0B819B70842002006CF /* InfoPlist.strings */; };
		D42FB0BC19B70842002006CF /* main.m in Sources */ = {isa = PBXBuildFile; fileRef = D42FB0BB19B70842002006CF /* main.m */; };
		D42FB0C019B70842002006CF /* AppDelegate.m in Sources */ = {isa = PBXBuildFile; fileRef = D42FB0BF19B70842002006CF /* AppDelegate.m */; };
		D42FB0C219B70842002006CF /* Images.xcassets in Resources */ = {isa = PBXBuildFile; fileRef = D42FB0C119B70842002006CF /* Images.xcassets */; };
		D42FB0C919B70842002006CF /* XCTest.framework in Frameworks */ = {isa = PBXBuildFile; fileRef = D42FB0C819B70842002006CF /* XCTest.framework */; };
		D42FB0CA19B70842002006CF /* Foundation.framework in Frameworks */ = {isa = PBXBuildFile; fileRef = D42FB0AF19B70842002006CF /* Foundation.framework */; };
		D42FB0CB19B70842002006CF /* UIKit.framework in Frameworks */ = {isa = PBXBuildFile; fileRef = D42FB0B319B70842002006CF /* UIKit.framework */; };
		D42FB0D319B70842002006CF /* InfoPlist.strings in Resources */ = {isa = PBXBuildFile; fileRef = D42FB0D119B70842002006CF /* InfoPlist.strings */; };
		D42FB0D519B70842002006CF /* ChangePictureTests.m in Sources */ = {isa = PBXBuildFile; fileRef = D42FB0D419B70842002006CF /* ChangePictureTests.m */; };
/* End PBXBuildFile section */

/* Begin PBXContainerItemProxy section */
		D42FB0CC19B70842002006CF /* PBXContainerItemProxy */ = {
			isa = PBXContainerItemProxy;
			containerPortal = D42FB0A419B70842002006CF /* Project object */;
			proxyType = 1;
			remoteGlobalIDString = D42FB0AB19B70842002006CF;
			remoteInfo = ChangePicture;
		};
/* End PBXContainerItemProxy section */

/* Begin PBXFileReference section */
		D415B5A219B842D600A10314 /* WNRootViewController.h */ = {isa = PBXFileReference; fileEncoding = 4; lastKnownFileType = sourcecode.c.h; path = WNRootViewController.h; sourceTree = "<group>"; };
		D415B5A319B842D600A10314 /* WNRootViewController.m */ = {isa = PBXFileReference; fileEncoding = 4; lastKnownFileType = sourcecode.c.objc; path = WNRootViewController.m; sourceTree = "<group>"; };
		D42FB0AC19B70842002006CF /* ChangePicture.app */ = {isa = PBXFileReference; explicitFileType = wrapper.application; includeInIndex = 0; path = ChangePicture.app; sourceTree = BUILT_PRODUCTS_DIR; };
		D42FB0AF19B70842002006CF /* Foundation.framework */ = {isa = PBXFileReference; lastKnownFileType = wrapper.framework; name = Foundation.framework; path = System/Library/Frameworks/Foundation.framework; sourceTree = SDKROOT; };
		D42FB0B119B70842002006CF /* CoreGraphics.framework */ = {isa = PBXFileReference; lastKnownFileType = wrapper.framework; name = CoreGraphics.framework; path = System/Library/Frameworks/CoreGraphics.framework; sourceTree = SDKROOT; };
		D42FB0B319B70842002006CF /* UIKit.framework */ = {isa = PBXFileReference; lastKnownFileType = wrapper.framework; name = UIKit.framework; path = System/Library/Frameworks/UIKit.framework; sourceTree = SDKROOT; };
		D42FB0B719B70842002006CF /* ChangePicture-Info.plist */ = {isa = PBXFileReference; lastKnownFileType = text.plist.xml; path = "ChangePicture-Info.plist"; sourceTree = "<group>"; };
		D42FB0B919B70842002006CF /* en */ = {isa = PBXFileReference; lastKnownFileType = text.plist.strings; name = en; path = en.lproj/InfoPlist.strings; sourceTree = "<group>"; };
		D42FB0BB19B70842002006CF /* main.m */ = {isa = PBXFileReference; lastKnownFileType = sourcecode.c.objc; path = main.m; sourceTree = "<group>"; };
		D42FB0BD19B70842002006CF /* ChangePicture-Prefix.pch */ = {isa = PBXFileReference; lastKnownFileType = sourcecode.c.h; path = "ChangePicture-Prefix.pch"; sourceTree = "<group>"; };
		D42FB0BE19B70842002006CF /* AppDelegate.h */ = {isa = PBXFileReference; lastKnownFileType = sourcecode.c.h; path = AppDelegate.h; sourceTree = "<group>"; };
		D42FB0BF19B70842002006CF /* AppDelegate.m */ = {isa = PBXFileReference; lastKnownFileType = sourcecode.c.objc; path = AppDelegate.m; sourceTree = "<group>"; };
		D42FB0C119B70842002006CF /* Images.xcassets */ = {isa = PBXFileReference; lastKnownFileType = folder.assetcatalog; path = Images.xcassets; sourceTree = "<group>"; };
		D42FB0C719B70842002006CF /* ChangePictureTests.xctest */ = {isa = PBXFileReference; explicitFileType = wrapper.cfbundle; includeInIndex = 0; path = ChangePictureTests.xctest; sourceTree = BUILT_PRODUCTS_DIR; };
		D42FB0C819B70842002006CF /* XCTest.framework */ = {isa = PBXFileReference; lastKnownFileType = wrapper.framework; name = XCTest.framework; path = Library/Frameworks/XCTest.framework; sourceTree = DEVELOPER_DIR; };
		D42FB0D019B70842002006CF /* ChangePictureTests-Info.plist */ = {isa = PBXFileReference; lastKnownFileType = text.plist.xml; path = "ChangePictureTests-Info.plist"; sourceTree = "<group>"; };
		D42FB0D219B70842002006CF /* en */ = {isa = PBXFileReference; lastKnownFileType = text.plist.strings; name = en; path = en.lproj/InfoPlist.strings; sourceTree = "<group>"; };
		D42FB0D419B70842002006CF /* ChangePictureTests.m */ = {isa = PBXFileReference; lastKnownFileType = sourcecode.c.objc; path = ChangePictureTests.m; sourceTree = "<group>"; };
/* End PBXFileReference section */

/* Begin PBXFrameworksBuildPhase section */
		D42FB0A919B70842002006CF /* Frameworks */ = {
			isa = PBXFrameworksBuildPhase;
			buildActionMask = 2147483647;
			files = (
				D42FB0B219B70842002006CF /* CoreGraphics.framework in Frameworks */,
				D42FB0B419B70842002006CF /* UIKit.framework in Frameworks */,
				D42FB0B019B70842002006CF /* Foundation.framework in Frameworks */,
			);
			runOnlyForDeploymentPostprocessing = 0;
		};
		D42FB0C419B70842002006CF /* Frameworks */ = {
			isa = PBXFrameworksBuildPhase;
			buildActionMask = 2147483647;
			files = (
				D42FB0C919B70842002006CF /* XCTest.framework in Frameworks */,
				D42FB0CB19B70842002006CF /* UIKit.framework in Frameworks */,
				D42FB0CA19B70842002006CF /* Foundation.framework in Frameworks */,
			);
			runOnlyForDeploymentPostprocessing = 0;
		};
/* End PBXFrameworksBuildPhase section */

/* Begin PBXGroup section */
		D415B5A119B842C400A10314 /* viewControllers */ = {
			isa = PBXGroup;
			children = (
				D415B5A219B842D600A10314 /* WNRootViewController.h */,
				D415B5A319B842D600A10314 /* WNRootViewController.m */,
			);
			path = viewControllers;
			sourceTree = "<group>";
		};
		D42FB0A319B70842002006CF = {
			isa = PBXGroup;
			children = (
				D42FB0B519B70842002006CF /* ChangePicture */,
				D42FB0CE19B70842002006CF /* ChangePictureTests */,
				D42FB0AE19B70842002006CF /* Frameworks */,
				D42FB0AD19B70842002006CF /* Products */,
			);
			sourceTree = "<group>";
		};
		D42FB0AD19B70842002006CF /* Products */ = {
			isa = PBXGroup;
			children = (
				D42FB0AC19B70842002006CF /* ChangePicture.app */,
				D42FB0C719B70842002006CF /* ChangePictureTests.xctest */,
			);
			name = Products;
			sourceTree = "<group>";
		};
		D42FB0AE19B70842002006CF /* Frameworks */ = {
			isa = PBXGroup;
			children = (
				D42FB0AF19B70842002006CF /* Foundation.framework */,
				D42FB0B119B70842002006CF /* CoreGraphics.framework */,
				D42FB0B319B70842002006CF /* UIKit.framework */,
				D42FB0C819B70842002006CF /* XCTest.framework */,
			);
			name = Frameworks;
			sourceTree = "<group>";
		};
		D42FB0B519B70842002006CF /* ChangePicture */ = {
			isa = PBXGroup;
			children = (
				D415B5A119B842C400A10314 /* viewControllers */,
				D42FB0BE19B70842002006CF /* AppDelegate.h */,
				D42FB0BF19B70842002006CF /* AppDelegate.m */,
				D42FB0C119B70842002006CF /* Images.xcassets */,
				D42FB0B619B70842002006CF /* Supporting Files */,
			);
			path = ChangePicture;
			sourceTree = "<group>";
		};
		D42FB0B619B70842002006CF /* Supporting Files */ = {
			isa = PBXGroup;
			children = (
				D42FB0B719B70842002006CF /* ChangePicture-Info.plist */,
				D42FB0B819B70842002006CF /* InfoPlist.strings */,
				D42FB0BB19B70842002006CF /* main.m */,
				D42FB0BD19B70842002006CF /* ChangePicture-Prefix.pch */,
			);
			name = "Supporting Files";
			sourceTree = "<group>";
		};
		D42FB0CE19B70842002006CF /* ChangePictureTests */ = {
			isa = PBXGroup;
			children = (
				D42FB0D419B70842002006CF /* ChangePictureTests.m */,
				D42FB0CF19B70842002006CF /* Supporting Files */,
			);
			path = ChangePictureTests;
			sourceTree = "<group>";
		};
		D42FB0CF19B70842002006CF /* Supporting Files */ = {
			isa = PBXGroup;
			children = (
				D42FB0D019B70842002006CF /* ChangePictureTests-Info.plist */,
				D42FB0D119B70842002006CF /* InfoPlist.strings */,
			);
			name = "Supporting Files";
			sourceTree = "<group>";
		};
/* End PBXGroup section */

/* Begin PBXNativeTarget section */
		D42FB0AB19B70842002006CF /* ChangePicture */ = {
			isa = PBXNativeTarget;
			buildConfigurationList = D42FB0D819B70842002006CF /* Build configuration list for PBXNativeTarget "ChangePicture" */;
			buildPhases = (
				D42FB0A819B70842002006CF /* Sources */,
				D42FB0A919B70842002006CF /* Frameworks */,
				D42FB0AA19B70842002006CF /* Resources */,
			);
			buildRules = (
			);
			dependencies = (
			);
			name = ChangePicture;
			productName = ChangePicture;
			productReference = D42FB0AC19B70842002006CF /* ChangePicture.app */;
			productType = "com.apple.product-type.application";
		};
		D42FB0C619B70842002006CF /* ChangePictureTests */ = {
			isa = PBXNativeTarget;
			buildConfigurationList = D42FB0DB19B70842002006CF /* Build configuration list for PBXNativeTarget "ChangePictureTests" */;
			buildPhases = (
				D42FB0C319B70842002006CF /* Sources */,
				D42FB0C419B70842002006CF /* Frameworks */,
				D42FB0C519B70842002006CF /* Resources */,
			);
			buildRules = (
			);
			dependencies = (
				D42FB0CD19B70842002006CF /* PBXTargetDependency */,
			);
			name = ChangePictureTests;
			productName = ChangePictureTests;
			productReference = D42FB0C719B70842002006CF /* ChangePictureTests.xctest */;
			productType = "com.apple.product-type.bundle.unit-test";
		};
/* End PBXNativeTarget section */

/* Begin PBXProject section */
		D42FB0A419B70842002006CF /* Project object */ = {
			isa = PBXProject;
			attributes = {
				LastUpgradeCheck = 0510;
				ORGANIZATIONNAME = yuyang;
				TargetAttributes = {
					D42FB0C619B70842002006CF = {
						TestTargetID = D42FB0AB19B70842002006CF;
					};
				};
			};
			buildConfigurationList = D42FB0A719B70842002006CF /* Build configuration list for PBXProject "ChangePicture" */;
			compatibilityVersion = "Xcode 3.2";
			developmentRegion = English;
			hasScannedForEncodings = 0;
			knownRegions = (
				en,
			);
			mainGroup = D42FB0A319B70842002006CF;
			productRefGroup = D42FB0AD19B70842002006CF /* Products */;
			projectDirPath = "";
			projectRoot = "";
			targets = (
				D42FB0AB19B70842002006CF /* ChangePicture */,
				D42FB0C619B70842002006CF /* ChangePictureTests */,
			);
		};
/* End PBXProject section */

/* Begin PBXResourcesBuildPhase section */
		D42FB0AA19B70842002006CF /* Resources */ = {
			isa = PBXResourcesBuildPhase;
			buildActionMask = 2147483647;
			files = (
				D42FB0BA19B70842002006CF /* InfoPlist.strings in Resources */,
				D42FB0C219B70842002006CF /* Images.xcassets in Resources */,
			);
			runOnlyForDeploymentPostprocessing = 0;
		};
		D42FB0C519B70842002006CF /* Resources */ = {
			isa = PBXResourcesBuildPhase;
			buildActionMask = 2147483647;
			files = (
				D42FB0D319B70842002006CF /* InfoPlist.strings in Resources */,
			);
			runOnlyForDeploymentPostprocessing = 0;
		};
/* End PBXResourcesBuildPhase section */

/* Begin PBXSourcesBuildPhase section */
		D42FB0A819B70842002006CF /* Sources */ = {
			isa = PBXSourcesBuildPhase;
			buildActionMask = 2147483647;
			files = (
				D42FB0C019B70842002006CF /* AppDelegate.m in Sources */,
				D415B5A419B842D600A10314 /* WNRootViewController.m in Sources */,
				D42FB0BC19B70842002006CF /* main.m in Sources */,
			);
			runOnlyForDeploymentPostprocessing = 0;
		};
		D42FB0C319B70842002006CF /* Sources */ = {
			isa = PBXSourcesBuildPhase;
			buildActionMask = 2147483647;
			files = (
				D42FB0D519B70842002006CF /* ChangePictureTests.m in Sources */,
			);
			runOnlyForDeploymentPostprocessing = 0;
		};
/* End PBXSourcesBuildPhase section */

/* Begin PBXTargetDependency section */
		D42FB0CD19B70842002006CF /* PBXTargetDependency */ = {
			isa = PBXTargetDependency;
			target = D42FB0AB19B70842002006CF /* ChangePicture */;
			targetProxy = D42FB0CC19B70842002006CF /* PBXContainerItemProxy */;
		};
/* End PBXTargetDependency section */

/* Begin PBXVariantGroup section */
		D42FB0B819B70842002006CF /* InfoPlist.strings */ = {
			isa = PBXVariantGroup;
			children = (
				D42FB0B919B70842002006CF /* en */,
			);
			name = InfoPlist.strings;
			sourceTree = "<group>";
		};
		D42FB0D119B70842002006CF /* InfoPlist.strings */ = {
			isa = PBXVariantGroup;
			children = (
				D42FB0D219B70842002006CF /* en */,
			);
			name = InfoPlist.strings;
			sourceTree = "<group>";
		};
/* End PBXVariantGroup section */

/* Begin XCBuildConfiguration section */
		D42FB0D619B70842002006CF /* Debug */ = {
			isa = XCBuildConfiguration;
			buildSettings = {
				ALWAYS_SEARCH_USER_PATHS = NO;
				CLANG_CXX_LANGUAGE_STANDARD = "gnu++0x";
				CLANG_CXX_LIBRARY = "libc++";
				CLANG_ENABLE_MODULES = YES;
				CLANG_ENABLE_OBJC_ARC = YES;
				CLANG_WARN_BOOL_CONVERSION = YES;
				CLANG_WARN_CONSTANT_CONVERSION = YES;
				CLANG_WARN_DIRECT_OBJC_ISA_USAGE = YES_ERROR;
				CLANG_WARN_EMPTY_BODY = YES;
				CLANG_WARN_ENUM_CONVERSION = YES;
				CLANG_WARN_INT_CONVERSION = YES;
				CLANG_WARN_OBJC_ROOT_CLASS = YES_ERROR;
				CLANG_WARN__DUPLICATE_METHOD_MATCH = YES;
				"CODE_SIGN_IDENTITY[sdk=iphoneos*]" = "iPhone Developer";
				COPY_PHASE_STRIP = NO;
				GCC_C_LANGUAGE_STANDARD = gnu99;
				GCC_DYNAMIC_NO_PIC = NO;
				GCC_OPTIMIZATION_LEVEL = 0;
				GCC_PREPROCESSOR_DEFINITIONS = (
					"DEBUG=1",
					"$(inherited)",
				);
				GCC_SYMBOLS_PRIVATE_EXTERN = NO;
				GCC_WARN_64_TO_32_BIT_CONVERSION = YES;
				GCC_WARN_ABOUT_RETURN_TYPE = YES_ERROR;
				GCC_WARN_UNDECLARED_SELECTOR = YES;
				GCC_WARN_UNINITIALIZED_AUTOS = YES_AGGRESSIVE;
				GCC_WARN_UNUSED_FUNCTION = YES;
				GCC_WARN_UNUSED_VARIABLE = YES;
				IPHONEOS_DEPLOYMENT_TARGET = 7.1;
				ONLY_ACTIVE_ARCH = YES;
				SDKROOT = iphoneos;
			};
			name = Debug;
		};
		D42FB0D719B70842002006CF /* Release */ = {
			isa = XCBuildConfiguration;
			buildSettings = {
				ALWAYS_SEARCH_USER_PATHS = NO;
				CLANG_CXX_LANGUAGE_STANDARD = "gnu++0x";
				CLANG_CXX_LIBRARY = "libc++";
				CLANG_ENABLE_MODULES = YES;
				CLANG_ENABLE_OBJC_ARC = YES;
				CLANG_WARN_BOOL_CONVERSION = YES;
				CLANG_WARN_CONSTANT_CONVERSION = YES;
				CLANG_WARN_DIRECT_OBJC_ISA_USAGE = YES_ERROR;
				CLANG_WARN_EMPTY_BODY = YES;
				CLANG_WARN_ENUM_CONVERSION = YES;
				CLANG_WARN_INT_CONVERSION = YES;
				CLANG_WARN_OBJC_ROOT_CLASS = YES_ERROR;
				CLANG_WARN__DUPLICATE_METHOD_MATCH = YES;
				"CODE_SIGN_IDENTITY[sdk=iphoneos*]" = "iPhone Developer";
				COPY_PHASE_STRIP = YES;
				ENABLE_NS_ASSERTIONS = NO;
				GCC_C_LANGUAGE_STANDARD = gnu99;
				GCC_WARN_64_TO_32_BIT_CONVERSION = YES;
				GCC_WARN_ABOUT_RETURN_TYPE = YES_ERROR;
				GCC_WARN_UNDECLARED_SELECTOR = YES;
				GCC_WARN_UNINITIALIZED_AUTOS = YES_AGGRESSIVE;
				GCC_WARN_UNUSED_FUNCTION = YES;
				GCC_WARN_UNUSED_VARIABLE = YES;
				IPHONEOS_DEPLOYMENT_TARGET = 7.1;
				SDKROOT = iphoneos;
				VALIDATE_PRODUCT = YES;
			};
			name = Release;
		};
		D42FB0D919B70842002006CF /* Debug */ = {
			isa = XCBuildConfiguration;
			buildSettings = {
				ASSETCATALOG_COMPILER_LAUNCHIMAGE_NAME = LaunchImage;
				GCC_PRECOMPILE_PREFIX_HEADER = YES;
				GCC_PREFIX_HEADER = "ChangePicture/ChangePicture-Prefix.pch";
				INFOPLIST_FILE = "ChangePicture/ChangePicture-Info.plist";
				IPHONEOS_DEPLOYMENT_TARGET = 6.0;
				PRODUCT_NAME = "$(TARGET_NAME)";
				WRAPPER_EXTENSION = app;
			};
			name = Debug;
		};
		D42FB0DA19B70842002006CF /* Release */ = {
			isa = XCBuildConfiguration;
			buildSettings = {
				ASSETCATALOG_COMPILER_LAUNCHIMAGE_NAME = LaunchImage;
				GCC_PRECOMPILE_PREFIX_HEADER = YES;
				GCC_PREFIX_HEADER = "ChangePicture/ChangePicture-Prefix.pch";
				INFOPLIST_FILE = "ChangePicture/ChangePicture-Info.plist";
				IPHONEOS_DEPLOYMENT_TARGET = 6.0;
				PRODUCT_NAME = "$(TARGET_NAME)";
				WRAPPER_EXTENSION = app;
			};
			name = Release;
		};
		D42FB0DC19B70842002006CF /* Debug */ = {
			isa = XCBuildConfiguration;
			buildSettings = {
				BUNDLE_LOADER = "$(BUILT_PRODUCTS_DIR)/ChangePicture.app/ChangePicture";
				FRAMEWORK_SEARCH_PATHS = (
					"$(SDKROOT)/Developer/Library/Frameworks",
					"$(inherited)",
					"$(DEVELOPER_FRAMEWORKS_DIR)",
				);
				GCC_PRECOMPILE_PREFIX_HEADER = YES;
				GCC_PREFIX_HEADER = "ChangePicture/ChangePicture-Prefix.pch";
				GCC_PREPROCESSOR_DEFINITIONS = (
					"DEBUG=1",
					"$(inherited)",
				);
				INFOPLIST_FILE = "ChangePictureTests/ChangePictureTests-Info.plist";
				PRODUCT_NAME = "$(TARGET_NAME)";
				TEST_HOST = "$(BUNDLE_LOADER)";
				WRAPPER_EXTENSION = xctest;
			};
			name = Debug;
		};
		D42FB0DD19B70842002006CF /* Release */ = {
			isa = XCBuildConfiguration;
			buildSettings = {
				BUNDLE_LOADER = "$(BUILT_PRODUCTS_DIR)/ChangePicture.app/ChangePicture";
				FRAMEWORK_SEARCH_PATHS = (
					"$(SDKROOT)/Developer/Library/Frameworks",
					"$(inherited)",
					"$(DEVELOPER_FRAMEWORKS_DIR)",
				);
				GCC_PRECOMPILE_PREFIX_HEADER = YES;
				GCC_PREFIX_HEADER = "ChangePicture/ChangePicture-Prefix.pch";
				INFOPLIST_FILE = "ChangePictureTests/ChangePictureTests-Info.plist";
				PRODUCT_NAME = "$(TARGET_NAME)";
				TEST_HOST = "$(BUNDLE_LOADER)";
				WRAPPER_EXTENSION = xctest;
			};
			name = Release;
		};
/* End XCBuildConfiguration section */

/* Begin XCConfigurationList section */
		D42FB0A719B70842002006CF /* Build configuration list for PBXProject "ChangePicture" */ = {
			isa = XCConfigurationList;
			buildConfigurations = (
				D42FB0D619B70842002006CF /* Debug */,
				D42FB0D719B70842002006CF /* Release */,
			);
			defaultConfigurationIsVisible = 0;
			defaultConfigurationName = Release;
		};
		D42FB0D819B70842002006CF /* Build configuration list for PBXNativeTarget "ChangePicture" */ = {
			isa = XCConfigurationList;
			buildConfigurations = (
				D42FB0D919B70842002006CF /* Debug */,
				D42FB0DA19B70842002006CF /* Release */,
			);
			defaultConfigurationIsVisible = 0;
			defaultConfigurationName = Release;
		};
		D42FB0DB19B70842002006CF /* Build configuration list for PBXNativeTarget "ChangePictureTests" */ = {
			isa = XCConfigurationList;
			buildConfigurations = (
				D42FB0DC19B70842002006CF /* Debug */,
				D42FB0DD19B70842002006CF /* Release */,
			);
			defaultConfigurationIsVisible = 0;
			defaultConfigurationName = Release;
		};
/* End XCConfigurationList section */
	};
	rootObject = D42FB0A419B70842002006CF /* Project object */;
}
